// !$*UTF8*$!
{
	archiveVersion = 1;
	classes = {
	};
	objectVersion = 56;
	objects = {

/* Begin PBXBuildFile section */
		949E844C2ABDC9AB00EF07D9 /* M_ToolsApp.swift in Sources */ = {isa = PBXBuildFile; fileRef = 949E844B2ABDC9AB00EF07D9 /* M_ToolsApp.swift */; };
		949E84502ABDC9AB00EF07D9 /* Assets.xcassets in Resources */ = {isa = PBXBuildFile; fileRef = 949E844F2ABDC9AB00EF07D9 /* Assets.xcassets */; };
		949E84532ABDC9AB00EF07D9 /* Preview Assets.xcassets in Resources */ = {isa = PBXBuildFile; fileRef = 949E84522ABDC9AB00EF07D9 /* Preview Assets.xcassets */; };
		949E84552ABDC9AB00EF07D9 /* Persistence.swift in Sources */ = {isa = PBXBuildFile; fileRef = 949E84542ABDC9AB00EF07D9 /* Persistence.swift */; };
		949E84582ABDC9AB00EF07D9 /* M_Tools.xcdatamodeld in Sources */ = {isa = PBXBuildFile; fileRef = 949E84562ABDC9AB00EF07D9 /* M_Tools.xcdatamodeld */; };
		949E84622ABDCAAF00EF07D9 /* mario.gif in Resources */ = {isa = PBXBuildFile; fileRef = 949E84612ABDCAAF00EF07D9 /* mario.gif */; };
		949E84642ABDCAB500EF07D9 /* mariohello.gif in Resources */ = {isa = PBXBuildFile; fileRef = 949E84632ABDCAB400EF07D9 /* mariohello.gif */; };
		949E84692ABDCC0D00EF07D9 /* MenuBarRunnerView.swift in Sources */ = {isa = PBXBuildFile; fileRef = 949E84682ABDCC0D00EF07D9 /* MenuBarRunnerView.swift */; };
		949E846C2ABDCC7B00EF07D9 /* CpuInfo.swift in Sources */ = {isa = PBXBuildFile; fileRef = 949E846B2ABDCC7B00EF07D9 /* CpuInfo.swift */; };
		949E846F2ABDCD0100EF07D9 /* FlowStack.swift in Sources */ = {isa = PBXBuildFile; fileRef = 949E846E2ABDCD0100EF07D9 /* FlowStack.swift */; };
		949E84712ABDCD2B00EF07D9 /* GifDropModifier.swift in Sources */ = {isa = PBXBuildFile; fileRef = 949E84702ABDCD2B00EF07D9 /* GifDropModifier.swift */; };
		949E84732ABDCD4600EF07D9 /* SettingsView.swift in Sources */ = {isa = PBXBuildFile; fileRef = 949E84722ABDCD4600EF07D9 /* SettingsView.swift */; };
		949E84752ABDCD7E00EF07D9 /* AppDelegate.swift in Sources */ = {isa = PBXBuildFile; fileRef = 949E84742ABDCD7E00EF07D9 /* AppDelegate.swift */; };
		949E84772ABDD80300EF07D9 /* eugene.gif in Resources */ = {isa = PBXBuildFile; fileRef = 949E84762ABDD80300EF07D9 /* eugene.gif */; };
		949E84792ABDD80800EF07D9 /* bob.gif in Resources */ = {isa = PBXBuildFile; fileRef = 949E84782ABDD80800EF07D9 /* bob.gif */; };
		949E847D2ABDD8A300EF07D9 /* girl.gif in Resources */ = {isa = PBXBuildFile; fileRef = 949E847C2ABDD8A300EF07D9 /* girl.gif */; };
		949E847F2ABDD8B300EF07D9 /* pikachu.gif in Resources */ = {isa = PBXBuildFile; fileRef = 949E847E2ABDD8B300EF07D9 /* pikachu.gif */; };
		949E84812ABDD98300EF07D9 /* batman.gif in Resources */ = {isa = PBXBuildFile; fileRef = 949E84802ABDD98300EF07D9 /* batman.gif */; };
		949E84832ABDDA3200EF07D9 /* face.gif in Resources */ = {isa = PBXBuildFile; fileRef = 949E84822ABDDA3200EF07D9 /* face.gif */; };
		949E84872ABDDB9700EF07D9 /* Localizable.strings in Resources */ = {isa = PBXBuildFile; fileRef = 949E84862ABDDB9700EF07D9 /* Localizable.strings */; };
		949E848B2ABE944600EF07D9 /* TexterView.swift in Sources */ = {isa = PBXBuildFile; fileRef = 949E848A2ABE944600EF07D9 /* TexterView.swift */; };
		949E848D2ABE946900EF07D9 /* ColorModel.swift in Sources */ = {isa = PBXBuildFile; fileRef = 949E848C2ABE946900EF07D9 /* ColorModel.swift */; };
		949E848F2ABE949A00EF07D9 /* MemoryInfo.swift in Sources */ = {isa = PBXBuildFile; fileRef = 949E848E2ABE949A00EF07D9 /* MemoryInfo.swift */; };
		949E84912ABE94AC00EF07D9 /* BatteryInfo.swift in Sources */ = {isa = PBXBuildFile; fileRef = 949E84902ABE94AC00EF07D9 /* BatteryInfo.swift */; };
		949E84932ABE94BE00EF07D9 /* DiskInfo.swift in Sources */ = {isa = PBXBuildFile; fileRef = 949E84922ABE94BE00EF07D9 /* DiskInfo.swift */; };
		949E84952ABE94CD00EF07D9 /* NetworkInfo.swift in Sources */ = {isa = PBXBuildFile; fileRef = 949E84942ABE94CD00EF07D9 /* NetworkInfo.swift */; };
		949E84992ABE94F100EF07D9 /* MonitorFrameWidth.swift in Sources */ = {isa = PBXBuildFile; fileRef = 949E84982ABE94F100EF07D9 /* MonitorFrameWidth.swift */; };
		949E849B2ABE953A00EF07D9 /* TexterPopoverView.swift in Sources */ = {isa = PBXBuildFile; fileRef = 949E849A2ABE953A00EF07D9 /* TexterPopoverView.swift */; };
		949E849D2ABE958400EF07D9 /* LabelledDivider.swift in Sources */ = {isa = PBXBuildFile; fileRef = 949E849C2ABE958400EF07D9 /* LabelledDivider.swift */; };
		949E84A02ABE9EAD00EF07D9 /* CpuView.swift in Sources */ = {isa = PBXBuildFile; fileRef = 949E849F2ABE9EAD00EF07D9 /* CpuView.swift */; };
		949E84A22ABE9F8900EF07D9 /* MemoryView.swift in Sources */ = {isa = PBXBuildFile; fileRef = 949E84A12ABE9F8900EF07D9 /* MemoryView.swift */; };
		949E84A42ABE9FAE00EF07D9 /* BatteryView.swift in Sources */ = {isa = PBXBuildFile; fileRef = 949E84A32ABE9FAE00EF07D9 /* BatteryView.swift */; };
		949E84A62ABE9FC900EF07D9 /* DiskView.swift in Sources */ = {isa = PBXBuildFile; fileRef = 949E84A52ABE9FC900EF07D9 /* DiskView.swift */; };
		949E84A82ABE9FEB00EF07D9 /* NetworkView.swift in Sources */ = {isa = PBXBuildFile; fileRef = 949E84A72ABE9FEB00EF07D9 /* NetworkView.swift */; };
/* End PBXBuildFile section */

/* Begin PBXFileReference section */
		94830A962AC40E9500643948 /* Info.plist */ = {isa = PBXFileReference; lastKnownFileType = text.plist; path = Info.plist; sourceTree = "<group>"; };
		949E84482ABDC9AB00EF07D9 /* M-Tools.app */ = {isa = PBXFileReference; explicitFileType = wrapper.application; includeInIndex = 0; path = "M-Tools.app"; sourceTree = BUILT_PRODUCTS_DIR; };
		949E844B2ABDC9AB00EF07D9 /* M_ToolsApp.swift */ = {isa = PBXFileReference; lastKnownFileType = sourcecode.swift; path = M_ToolsApp.swift; sourceTree = "<group>"; };
		949E844F2ABDC9AB00EF07D9 /* Assets.xcassets */ = {isa = PBXFileReference; lastKnownFileType = folder.assetcatalog; path = Assets.xcassets; sourceTree = "<group>"; };
		949E84522ABDC9AB00EF07D9 /* Preview Assets.xcassets */ = {isa = PBXFileReference; lastKnownFileType = folder.assetcatalog; path = "Preview Assets.xcassets"; sourceTree = "<group>"; };
		949E84542ABDC9AB00EF07D9 /* Persistence.swift */ = {isa = PBXFileReference; lastKnownFileType = sourcecode.swift; path = Persistence.swift; sourceTree = "<group>"; };
		949E84572ABDC9AB00EF07D9 /* M_Tools.xcdatamodel */ = {isa = PBXFileReference; lastKnownFileType = wrapper.xcdatamodel; path = M_Tools.xcdatamodel; sourceTree = "<group>"; };
		949E84592ABDC9AB00EF07D9 /* M_Tools.entitlements */ = {isa = PBXFileReference; lastKnownFileType = text.plist.entitlements; path = M_Tools.entitlements; sourceTree = "<group>"; };
		949E84612ABDCAAF00EF07D9 /* mario.gif */ = {isa = PBXFileReference; lastKnownFileType = image.gif; path = mario.gif; sourceTree = "<group>"; };
		949E84632ABDCAB400EF07D9 /* mariohello.gif */ = {isa = PBXFileReference; lastKnownFileType = image.gif; path = mariohello.gif; sourceTree = "<group>"; };
		949E84682ABDCC0D00EF07D9 /* MenuBarRunnerView.swift */ = {isa = PBXFileReference; lastKnownFileType = sourcecode.swift; path = MenuBarRunnerView.swift; sourceTree = "<group>"; };
		949E846B2ABDCC7B00EF07D9 /* CpuInfo.swift */ = {isa = PBXFileReference; lastKnownFileType = sourcecode.swift; path = CpuInfo.swift; sourceTree = "<group>"; };
		949E846E2ABDCD0100EF07D9 /* FlowStack.swift */ = {isa = PBXFileReference; lastKnownFileType = sourcecode.swift; path = FlowStack.swift; sourceTree = "<group>"; };
		949E84702ABDCD2B00EF07D9 /* GifDropModifier.swift */ = {isa = PBXFileReference; lastKnownFileType = sourcecode.swift; path = GifDropModifier.swift; sourceTree = "<group>"; };
		949E84722ABDCD4600EF07D9 /* SettingsView.swift */ = {isa = PBXFileReference; lastKnownFileType = sourcecode.swift; path = SettingsView.swift; sourceTree = "<group>"; };
		949E84742ABDCD7E00EF07D9 /* AppDelegate.swift */ = {isa = PBXFileReference; lastKnownFileType = sourcecode.swift; path = AppDelegate.swift; sourceTree = "<group>"; };
		949E84762ABDD80300EF07D9 /* eugene.gif */ = {isa = PBXFileReference; lastKnownFileType = image.gif; path = eugene.gif; sourceTree = "<group>"; };
		949E84782ABDD80800EF07D9 /* bob.gif */ = {isa = PBXFileReference; lastKnownFileType = image.gif; path = bob.gif; sourceTree = "<group>"; };
		949E847C2ABDD8A300EF07D9 /* girl.gif */ = {isa = PBXFileReference; lastKnownFileType = image.gif; path = girl.gif; sourceTree = "<group>"; };
		949E847E2ABDD8B300EF07D9 /* pikachu.gif */ = {isa = PBXFileReference; lastKnownFileType = image.gif; path = pikachu.gif; sourceTree = "<group>"; };
		949E84802ABDD98300EF07D9 /* batman.gif */ = {isa = PBXFileReference; lastKnownFileType = image.gif; path = batman.gif; sourceTree = "<group>"; };
		949E84822ABDDA3200EF07D9 /* face.gif */ = {isa = PBXFileReference; lastKnownFileType = image.gif; path = face.gif; sourceTree = "<group>"; };
		949E84862ABDDB9700EF07D9 /* Localizable.strings */ = {isa = PBXFileReference; lastKnownFileType = text.plist.strings; path = Localizable.strings; sourceTree = "<group>"; };
		949E848A2ABE944600EF07D9 /* TexterView.swift */ = {isa = PBXFileReference; lastKnownFileType = sourcecode.swift; path = TexterView.swift; sourceTree = "<group>"; };
		949E848C2ABE946900EF07D9 /* ColorModel.swift */ = {isa = PBXFileReference; lastKnownFileType = sourcecode.swift; path = ColorModel.swift; sourceTree = "<group>"; };
		949E848E2ABE949A00EF07D9 /* MemoryInfo.swift */ = {isa = PBXFileReference; lastKnownFileType = sourcecode.swift; path = MemoryInfo.swift; sourceTree = "<group>"; };
		949E84902ABE94AC00EF07D9 /* BatteryInfo.swift */ = {isa = PBXFileReference; lastKnownFileType = sourcecode.swift; path = BatteryInfo.swift; sourceTree = "<group>"; };
		949E84922ABE94BE00EF07D9 /* DiskInfo.swift */ = {isa = PBXFileReference; lastKnownFileType = sourcecode.swift; path = DiskInfo.swift; sourceTree = "<group>"; };
		949E84942ABE94CD00EF07D9 /* NetworkInfo.swift */ = {isa = PBXFileReference; lastKnownFileType = sourcecode.swift; path = NetworkInfo.swift; sourceTree = "<group>"; };
		949E84982ABE94F100EF07D9 /* MonitorFrameWidth.swift */ = {isa = PBXFileReference; lastKnownFileType = sourcecode.swift; path = MonitorFrameWidth.swift; sourceTree = "<group>"; };
		949E849A2ABE953A00EF07D9 /* TexterPopoverView.swift */ = {isa = PBXFileReference; lastKnownFileType = sourcecode.swift; path = TexterPopoverView.swift; sourceTree = "<group>"; };
		949E849C2ABE958400EF07D9 /* LabelledDivider.swift */ = {isa = PBXFileReference; lastKnownFileType = sourcecode.swift; path = LabelledDivider.swift; sourceTree = "<group>"; };
		949E849F2ABE9EAD00EF07D9 /* CpuView.swift */ = {isa = PBXFileReference; lastKnownFileType = sourcecode.swift; path = CpuView.swift; sourceTree = "<group>"; };
		949E84A12ABE9F8900EF07D9 /* MemoryView.swift */ = {isa = PBXFileReference; lastKnownFileType = sourcecode.swift; path = MemoryView.swift; sourceTree = "<group>"; };
		949E84A32ABE9FAE00EF07D9 /* BatteryView.swift */ = {isa = PBXFileReference; lastKnownFileType = sourcecode.swift; path = BatteryView.swift; sourceTree = "<group>"; };
		949E84A52ABE9FC900EF07D9 /* DiskView.swift */ = {isa = PBXFileReference; lastKnownFileType = sourcecode.swift; path = DiskView.swift; sourceTree = "<group>"; };
		949E84A72ABE9FEB00EF07D9 /* NetworkView.swift */ = {isa = PBXFileReference; lastKnownFileType = sourcecode.swift; path = NetworkView.swift; sourceTree = "<group>"; };
/* End PBXFileReference section */

/* Begin PBXFrameworksBuildPhase section */
		949E84452ABDC9AB00EF07D9 /* Frameworks */ = {
			isa = PBXFrameworksBuildPhase;
			buildActionMask = 2147483647;
			files = (
			);
			runOnlyForDeploymentPostprocessing = 0;
		};
/* End PBXFrameworksBuildPhase section */

/* Begin PBXGroup section */
		949E843F2ABDC9AB00EF07D9 = {
			isa = PBXGroup;
			children = (
				949E844A2ABDC9AB00EF07D9 /* M-Tools */,
				949E84492ABDC9AB00EF07D9 /* Products */,
			);
			sourceTree = "<group>";
		};
		949E84492ABDC9AB00EF07D9 /* Products */ = {
			isa = PBXGroup;
			children = (
				949E84482ABDC9AB00EF07D9 /* M-Tools.app */,
			);
			name = Products;
			sourceTree = "<group>";
		};
		949E844A2ABDC9AB00EF07D9 /* M-Tools */ = {
			isa = PBXGroup;
			children = (
				94830A962AC40E9500643948 /* Info.plist */,
				949E84842ABDDB6E00EF07D9 /* Language */,
				949E846D2ABDCCFB00EF07D9 /* Utils */,
				949E84882ABE845500EF07D9 /* Texter */,
				949E84892ABE845D00EF07D9 /* Hidder */,
				949E846A2ABDCC7100EF07D9 /* Monitor */,
				949E845F2ABDCA5900EF07D9 /* Runner */,
				949E844B2ABDC9AB00EF07D9 /* M_ToolsApp.swift */,
				949E84742ABDCD7E00EF07D9 /* AppDelegate.swift */,
				949E84722ABDCD4600EF07D9 /* SettingsView.swift */,
				949E844F2ABDC9AB00EF07D9 /* Assets.xcassets */,
				949E84592ABDC9AB00EF07D9 /* M_Tools.entitlements */,
				949E84512ABDC9AB00EF07D9 /* Preview Content */,
			);
			path = "M-Tools";
			sourceTree = "<group>";
		};
		949E84512ABDC9AB00EF07D9 /* Preview Content */ = {
			isa = PBXGroup;
			children = (
				949E84522ABDC9AB00EF07D9 /* Preview Assets.xcassets */,
			);
			path = "Preview Content";
			sourceTree = "<group>";
		};
		949E845F2ABDCA5900EF07D9 /* Runner */ = {
			isa = PBXGroup;
			children = (
				949E84672ABDCBDA00EF07D9 /* Persistence */,
				949E84602ABDCA9900EF07D9 /* GIF */,
				949E84682ABDCC0D00EF07D9 /* MenuBarRunnerView.swift */,
				949E84702ABDCD2B00EF07D9 /* GifDropModifier.swift */,
			);
			path = Runner;
			sourceTree = "<group>";
		};
		949E84602ABDCA9900EF07D9 /* GIF */ = {
			isa = PBXGroup;
			children = (
				949E84762ABDD80300EF07D9 /* eugene.gif */,
				949E84782ABDD80800EF07D9 /* bob.gif */,
				949E84802ABDD98300EF07D9 /* batman.gif */,
				949E84822ABDDA3200EF07D9 /* face.gif */,
				949E847E2ABDD8B300EF07D9 /* pikachu.gif */,
				949E847C2ABDD8A300EF07D9 /* girl.gif */,
				949E84632ABDCAB400EF07D9 /* mariohello.gif */,
				949E84612ABDCAAF00EF07D9 /* mario.gif */,
			);
			path = GIF;
			sourceTree = "<group>";
		};
		949E84672ABDCBDA00EF07D9 /* Persistence */ = {
			isa = PBXGroup;
			children = (
				949E84542ABDC9AB00EF07D9 /* Persistence.swift */,
				949E84562ABDC9AB00EF07D9 /* M_Tools.xcdatamodeld */,
			);
			path = Persistence;
			sourceTree = "<group>";
		};
		949E846A2ABDCC7100EF07D9 /* Monitor */ = {
			isa = PBXGroup;
			children = (
				949E849E2ABE9E8100EF07D9 /* SystemInfo */,
				949E84982ABE94F100EF07D9 /* MonitorFrameWidth.swift */,
				949E849F2ABE9EAD00EF07D9 /* CpuView.swift */,
				949E84A12ABE9F8900EF07D9 /* MemoryView.swift */,
				949E84A32ABE9FAE00EF07D9 /* BatteryView.swift */,
				949E84A52ABE9FC900EF07D9 /* DiskView.swift */,
				949E84A72ABE9FEB00EF07D9 /* NetworkView.swift */,
			);
			path = Monitor;
			sourceTree = "<group>";
		};
		949E846D2ABDCCFB00EF07D9 /* Utils */ = {
			isa = PBXGroup;
			children = (
				949E846E2ABDCD0100EF07D9 /* FlowStack.swift */,
				949E849C2ABE958400EF07D9 /* LabelledDivider.swift */,
			);
			path = Utils;
			sourceTree = "<group>";
		};
		949E84842ABDDB6E00EF07D9 /* Language */ = {
			isa = PBXGroup;
			children = (
				949E84852ABDDB8E00EF07D9 /* zh-Hans.lprjo */,
			);
			path = Language;
			sourceTree = "<group>";
		};
		949E84852ABDDB8E00EF07D9 /* zh-Hans.lprjo */ = {
			isa = PBXGroup;
			children = (
				949E84862ABDDB9700EF07D9 /* Localizable.strings */,
			);
			path = "zh-Hans.lprjo";
			sourceTree = "<group>";
		};
		949E84882ABE845500EF07D9 /* Texter */ = {
			isa = PBXGroup;
			children = (
				949E848A2ABE944600EF07D9 /* TexterView.swift */,
				949E848C2ABE946900EF07D9 /* ColorModel.swift */,
				949E849A2ABE953A00EF07D9 /* TexterPopoverView.swift */,
			);
			path = Texter;
			sourceTree = "<group>";
		};
		949E84892ABE845D00EF07D9 /* Hidder */ = {
			isa = PBXGroup;
			children = (
			);
			path = Hidder;
			sourceTree = "<group>";
		};
		949E849E2ABE9E8100EF07D9 /* SystemInfo */ = {
			isa = PBXGroup;
			children = (
				949E846B2ABDCC7B00EF07D9 /* CpuInfo.swift */,
				949E848E2ABE949A00EF07D9 /* MemoryInfo.swift */,
				949E84902ABE94AC00EF07D9 /* BatteryInfo.swift */,
				949E84922ABE94BE00EF07D9 /* DiskInfo.swift */,
				949E84942ABE94CD00EF07D9 /* NetworkInfo.swift */,
			);
			path = SystemInfo;
			sourceTree = "<group>";
		};
/* End PBXGroup section */

/* Begin PBXNativeTarget section */
		949E84472ABDC9AB00EF07D9 /* M-Tools */ = {
			isa = PBXNativeTarget;
			buildConfigurationList = 949E845C2ABDC9AB00EF07D9 /* Build configuration list for PBXNativeTarget "M-Tools" */;
			buildPhases = (
				949E84442ABDC9AB00EF07D9 /* Sources */,
				949E84452ABDC9AB00EF07D9 /* Frameworks */,
				949E84462ABDC9AB00EF07D9 /* Resources */,
			);
			buildRules = (
			);
			dependencies = (
			);
			name = "M-Tools";
			productName = "M-Tools";
			productReference = 949E84482ABDC9AB00EF07D9 /* M-Tools.app */;
			productType = "com.apple.product-type.application";
		};
/* End PBXNativeTarget section */

/* Begin PBXProject section */
		949E84402ABDC9AB00EF07D9 /* Project object */ = {
			isa = PBXProject;
			attributes = {
				BuildIndependentTargetsInParallel = 1;
				LastSwiftUpdateCheck = 1500;
				LastUpgradeCheck = 1500;
				TargetAttributes = {
					949E84472ABDC9AB00EF07D9 = {
						CreatedOnToolsVersion = 15.0;
					};
				};
			};
			buildConfigurationList = 949E84432ABDC9AB00EF07D9 /* Build configuration list for PBXProject "M-Tools" */;
			compatibilityVersion = "Xcode 14.0";
			developmentRegion = en;
			hasScannedForEncodings = 0;
			knownRegions = (
				en,
				Base,
			);
			mainGroup = 949E843F2ABDC9AB00EF07D9;
			productRefGroup = 949E84492ABDC9AB00EF07D9 /* Products */;
			projectDirPath = "";
			projectRoot = "";
			targets = (
				949E84472ABDC9AB00EF07D9 /* M-Tools */,
			);
		};
/* End PBXProject section */

/* Begin PBXResourcesBuildPhase section */
		949E84462ABDC9AB00EF07D9 /* Resources */ = {
			isa = PBXResourcesBuildPhase;
			buildActionMask = 2147483647;
			files = (
				949E84622ABDCAAF00EF07D9 /* mario.gif in Resources */,
				949E84792ABDD80800EF07D9 /* bob.gif in Resources */,
				949E84872ABDDB9700EF07D9 /* Localizable.strings in Resources */,
				949E84812ABDD98300EF07D9 /* batman.gif in Resources */,
				949E84532ABDC9AB00EF07D9 /* Preview Assets.xcassets in Resources */,
				949E84642ABDCAB500EF07D9 /* mariohello.gif in Resources */,
				949E84502ABDC9AB00EF07D9 /* Assets.xcassets in Resources */,
				949E847F2ABDD8B300EF07D9 /* pikachu.gif in Resources */,
				949E84832ABDDA3200EF07D9 /* face.gif in Resources */,
				949E847D2ABDD8A300EF07D9 /* girl.gif in Resources */,
				949E84772ABDD80300EF07D9 /* eugene.gif in Resources */,
			);
			runOnlyForDeploymentPostprocessing = 0;
		};
/* End PBXResourcesBuildPhase section */

/* Begin PBXSourcesBuildPhase section */
		949E84442ABDC9AB00EF07D9 /* Sources */ = {
			isa = PBXSourcesBuildPhase;
			buildActionMask = 2147483647;
			files = (
				949E84A42ABE9FAE00EF07D9 /* BatteryView.swift in Sources */,
				949E84712ABDCD2B00EF07D9 /* GifDropModifier.swift in Sources */,
				949E84732ABDCD4600EF07D9 /* SettingsView.swift in Sources */,
				949E846F2ABDCD0100EF07D9 /* FlowStack.swift in Sources */,
				949E84752ABDCD7E00EF07D9 /* AppDelegate.swift in Sources */,
				949E84552ABDC9AB00EF07D9 /* Persistence.swift in Sources */,
				949E84992ABE94F100EF07D9 /* MonitorFrameWidth.swift in Sources */,
				949E849B2ABE953A00EF07D9 /* TexterPopoverView.swift in Sources */,
				949E84A22ABE9F8900EF07D9 /* MemoryView.swift in Sources */,
				949E84692ABDCC0D00EF07D9 /* MenuBarRunnerView.swift in Sources */,
				949E84932ABE94BE00EF07D9 /* DiskInfo.swift in Sources */,
				949E84582ABDC9AB00EF07D9 /* M_Tools.xcdatamodeld in Sources */,
				949E849D2ABE958400EF07D9 /* LabelledDivider.swift in Sources */,
				949E844C2ABDC9AB00EF07D9 /* M_ToolsApp.swift in Sources */,
				949E848F2ABE949A00EF07D9 /* MemoryInfo.swift in Sources */,
				949E84A02ABE9EAD00EF07D9 /* CpuView.swift in Sources */,
				949E84952ABE94CD00EF07D9 /* NetworkInfo.swift in Sources */,
				949E848B2ABE944600EF07D9 /* TexterView.swift in Sources */,
				949E84A82ABE9FEB00EF07D9 /* NetworkView.swift in Sources */,
				949E848D2ABE946900EF07D9 /* ColorModel.swift in Sources */,
				949E84912ABE94AC00EF07D9 /* BatteryInfo.swift in Sources */,
				949E846C2ABDCC7B00EF07D9 /* CpuInfo.swift in Sources */,
				949E84A62ABE9FC900EF07D9 /* DiskView.swift in Sources */,
			);
			runOnlyForDeploymentPostprocessing = 0;
		};
/* End PBXSourcesBuildPhase section */

/* Begin XCBuildConfiguration section */
		949E845A2ABDC9AB00EF07D9 /* Debug */ = {
			isa = XCBuildConfiguration;
			buildSettings = {
				ALWAYS_SEARCH_USER_PATHS = NO;
				ASSETCATALOG_COMPILER_GENERATE_SWIFT_ASSET_SYMBOL_EXTENSIONS = YES;
				CLANG_ANALYZER_NONNULL = YES;
				CLANG_ANALYZER_NUMBER_OBJECT_CONVERSION = YES_AGGRESSIVE;
				CLANG_CXX_LANGUAGE_STANDARD = "gnu++20";
				CLANG_ENABLE_MODULES = YES;
				CLANG_ENABLE_OBJC_ARC = YES;
				CLANG_ENABLE_OBJC_WEAK = YES;
				CLANG_WARN_BLOCK_CAPTURE_AUTORELEASING = YES;
				CLANG_WARN_BOOL_CONVERSION = YES;
				CLANG_WARN_COMMA = YES;
				CLANG_WARN_CONSTANT_CONVERSION = YES;
				CLANG_WARN_DEPRECATED_OBJC_IMPLEMENTATIONS = YES;
				CLANG_WARN_DIRECT_OBJC_ISA_USAGE = YES_ERROR;
				CLANG_WARN_DOCUMENTATION_COMMENTS = YES;
				CLANG_WARN_EMPTY_BODY = YES;
				CLANG_WARN_ENUM_CONVERSION = YES;
				CLANG_WARN_INFINITE_RECURSION = YES;
				CLANG_WARN_INT_CONVERSION = YES;
				CLANG_WARN_NON_LITERAL_NULL_CONVERSION = YES;
				CLANG_WARN_OBJC_IMPLICIT_RETAIN_SELF = YES;
				CLANG_WARN_OBJC_LITERAL_CONVERSION = YES;
				CLANG_WARN_OBJC_ROOT_CLASS = YES_ERROR;
				CLANG_WARN_QUOTED_INCLUDE_IN_FRAMEWORK_HEADER = YES;
				CLANG_WARN_RANGE_LOOP_ANALYSIS = YES;
				CLANG_WARN_STRICT_PROTOTYPES = YES;
				CLANG_WARN_SUSPICIOUS_MOVE = YES;
				CLANG_WARN_UNGUARDED_AVAILABILITY = YES_AGGRESSIVE;
				CLANG_WARN_UNREACHABLE_CODE = YES;
				CLANG_WARN__DUPLICATE_METHOD_MATCH = YES;
				COPY_PHASE_STRIP = NO;
				DEBUG_INFORMATION_FORMAT = dwarf;
				ENABLE_STRICT_OBJC_MSGSEND = YES;
				ENABLE_TESTABILITY = YES;
				ENABLE_USER_SCRIPT_SANDBOXING = YES;
				GCC_C_LANGUAGE_STANDARD = gnu17;
				GCC_DYNAMIC_NO_PIC = NO;
				GCC_NO_COMMON_BLOCKS = YES;
				GCC_OPTIMIZATION_LEVEL = 0;
				GCC_PREPROCESSOR_DEFINITIONS = (
					"DEBUG=1",
					"$(inherited)",
				);
				GCC_WARN_64_TO_32_BIT_CONVERSION = YES;
				GCC_WARN_ABOUT_RETURN_TYPE = YES_ERROR;
				GCC_WARN_UNDECLARED_SELECTOR = YES;
				GCC_WARN_UNINITIALIZED_AUTOS = YES_AGGRESSIVE;
				GCC_WARN_UNUSED_FUNCTION = YES;
				GCC_WARN_UNUSED_VARIABLE = YES;
				LOCALIZATION_PREFERS_STRING_CATALOGS = YES;
				MACOSX_DEPLOYMENT_TARGET = 13.5;
				MTL_ENABLE_DEBUG_INFO = INCLUDE_SOURCE;
				MTL_FAST_MATH = YES;
				ONLY_ACTIVE_ARCH = YES;
				SDKROOT = macosx;
				SWIFT_ACTIVE_COMPILATION_CONDITIONS = "DEBUG $(inherited)";
				SWIFT_OPTIMIZATION_LEVEL = "-Onone";
			};
			name = Debug;
		};
		949E845B2ABDC9AB00EF07D9 /* Release */ = {
			isa = XCBuildConfiguration;
			buildSettings = {
				ALWAYS_SEARCH_USER_PATHS = NO;
				ASSETCATALOG_COMPILER_GENERATE_SWIFT_ASSET_SYMBOL_EXTENSIONS = YES;
				CLANG_ANALYZER_NONNULL = YES;
				CLANG_ANALYZER_NUMBER_OBJECT_CONVERSION = YES_AGGRESSIVE;
				CLANG_CXX_LANGUAGE_STANDARD = "gnu++20";
				CLANG_ENABLE_MODULES = YES;
				CLANG_ENABLE_OBJC_ARC = YES;
				CLANG_ENABLE_OBJC_WEAK = YES;
				CLANG_WARN_BLOCK_CAPTURE_AUTORELEASING = YES;
				CLANG_WARN_BOOL_CONVERSION = YES;
				CLANG_WARN_COMMA = YES;
				CLANG_WARN_CONSTANT_CONVERSION = YES;
				CLANG_WARN_DEPRECATED_OBJC_IMPLEMENTATIONS = YES;
				CLANG_WARN_DIRECT_OBJC_ISA_USAGE = YES_ERROR;
				CLANG_WARN_DOCUMENTATION_COMMENTS = YES;
				CLANG_WARN_EMPTY_BODY = YES;
				CLANG_WARN_ENUM_CONVERSION = YES;
				CLANG_WARN_INFINITE_RECURSION = YES;
				CLANG_WARN_INT_CONVERSION = YES;
				CLANG_WARN_NON_LITERAL_NULL_CONVERSION = YES;
				CLANG_WARN_OBJC_IMPLICIT_RETAIN_SELF = YES;
				CLANG_WARN_OBJC_LITERAL_CONVERSION = YES;
				CLANG_WARN_OBJC_ROOT_CLASS = YES_ERROR;
				CLANG_WARN_QUOTED_INCLUDE_IN_FRAMEWORK_HEADER = YES;
				CLANG_WARN_RANGE_LOOP_ANALYSIS = YES;
				CLANG_WARN_STRICT_PROTOTYPES = YES;
				CLANG_WARN_SUSPICIOUS_MOVE = YES;
				CLANG_WARN_UNGUARDED_AVAILABILITY = YES_AGGRESSIVE;
				CLANG_WARN_UNREACHABLE_CODE = YES;
				CLANG_WARN__DUPLICATE_METHOD_MATCH = YES;
				COPY_PHASE_STRIP = NO;
				DEBUG_INFORMATION_FORMAT = "dwarf-with-dsym";
				ENABLE_NS_ASSERTIONS = NO;
				ENABLE_STRICT_OBJC_MSGSEND = YES;
				ENABLE_USER_SCRIPT_SANDBOXING = YES;
				GCC_C_LANGUAGE_STANDARD = gnu17;
				GCC_NO_COMMON_BLOCKS = YES;
				GCC_WARN_64_TO_32_BIT_CONVERSION = YES;
				GCC_WARN_ABOUT_RETURN_TYPE = YES_ERROR;
				GCC_WARN_UNDECLARED_SELECTOR = YES;
				GCC_WARN_UNINITIALIZED_AUTOS = YES_AGGRESSIVE;
				GCC_WARN_UNUSED_FUNCTION = YES;
				GCC_WARN_UNUSED_VARIABLE = YES;
				LOCALIZATION_PREFERS_STRING_CATALOGS = YES;
				MACOSX_DEPLOYMENT_TARGET = 13.5;
				MTL_ENABLE_DEBUG_INFO = NO;
				MTL_FAST_MATH = YES;
				SDKROOT = macosx;
				SWIFT_COMPILATION_MODE = wholemodule;
			};
			name = Release;
		};
		949E845D2ABDC9AB00EF07D9 /* Debug */ = {
			isa = XCBuildConfiguration;
			buildSettings = {
				ASSETCATALOG_COMPILER_APPICON_NAME = AppIcon;
				ASSETCATALOG_COMPILER_GLOBAL_ACCENT_COLOR_NAME = AccentColor;
				CODE_SIGN_ENTITLEMENTS = "M-Tools/M_Tools.entitlements";
				CODE_SIGN_STYLE = Automatic;
				COMBINE_HIDPI_IMAGES = YES;
				CURRENT_PROJECT_VERSION = 1;
				DEVELOPMENT_ASSET_PATHS = "\"M-Tools/Preview Content\"";
				DEVELOPMENT_TEAM = Y38DNQ273W;
				ENABLE_HARDENED_RUNTIME = YES;
				ENABLE_PREVIEWS = YES;
				GENERATE_INFOPLIST_FILE = YES;
				INFOPLIST_FILE = "M-Tools/Info.plist";
				INFOPLIST_KEY_CFBundleDisplayName = "M-Tools";
				INFOPLIST_KEY_LSApplicationCategoryType = "public.app-category.utilities";
				INFOPLIST_KEY_LSUIElement = YES;
				LD_RUNPATH_SEARCH_PATHS = (
					"$(inherited)",
					"@executable_path/../Frameworks",
				);
				MACOSX_DEPLOYMENT_TARGET = 12.0;
				MARKETING_VERSION = 1.0;
				PRODUCT_BUNDLE_IDENTIFIER = "com.wu.M-Tools";
				PRODUCT_NAME = "$(TARGET_NAME)";
				SWIFT_EMIT_LOC_STRINGS = YES;
				SWIFT_VERSION = 5.0;
			};
			name = Debug;
		};
		949E845E2ABDC9AB00EF07D9 /* Release */ = {
			isa = XCBuildConfiguration;
			buildSettings = {
				ASSETCATALOG_COMPILER_APPICON_NAME = AppIcon;
				ASSETCATALOG_COMPILER_GLOBAL_ACCENT_COLOR_NAME = AccentColor;
				CODE_SIGN_ENTITLEMENTS = "M-Tools/M_Tools.entitlements";
				CODE_SIGN_STYLE = Automatic;
				COMBINE_HIDPI_IMAGES = YES;
				CURRENT_PROJECT_VERSION = 1;
				DEVELOPMENT_ASSET_PATHS = "\"M-Tools/Preview Content\"";
				DEVELOPMENT_TEAM = Y38DNQ273W;
				ENABLE_HARDENED_RUNTIME = YES;
				ENABLE_PREVIEWS = YES;
				GENERATE_INFOPLIST_FILE = YES;
				INFOPLIST_FILE = "M-Tools/Info.plist";
				INFOPLIST_KEY_CFBundleDisplayName = "M-Tools";
				INFOPLIST_KEY_LSApplicationCategoryType = "public.app-category.utilities";
				INFOPLIST_KEY_LSUIElement = YES;
				LD_RUNPATH_SEARCH_PATHS = (
					"$(inherited)",
					"@executable_path/../Frameworks",
				);
				MACOSX_DEPLOYMENT_TARGET = 12.0;
				MARKETING_VERSION = 1.0;
				PRODUCT_BUNDLE_IDENTIFIER = "com.wu.M-Tools";
				PRODUCT_NAME = "$(TARGET_NAME)";
				SWIFT_EMIT_LOC_STRINGS = YES;
				SWIFT_VERSION = 5.0;
			};
			name = Release;
		};
/* End XCBuildConfiguration section */

/* Begin XCConfigurationList section */
		949E84432ABDC9AB00EF07D9 /* Build configuration list for PBXProject "M-Tools" */ = {
			isa = XCConfigurationList;
			buildConfigurations = (
				949E845A2ABDC9AB00EF07D9 /* Debug */,
				949E845B2ABDC9AB00EF07D9 /* Release */,
			);
			defaultConfigurationIsVisible = 0;
			defaultConfigurationName = Release;
		};
		949E845C2ABDC9AB00EF07D9 /* Build configuration list for PBXNativeTarget "M-Tools" */ = {
			isa = XCConfigurationList;
			buildConfigurations = (
				949E845D2ABDC9AB00EF07D9 /* Debug */,
				949E845E2ABDC9AB00EF07D9 /* Release */,
			);
			defaultConfigurationIsVisible = 0;
			defaultConfigurationName = Release;
		};
/* End XCConfigurationList section */

/* Begin XCVersionGroup section */
		949E84562ABDC9AB00EF07D9 /* M_Tools.xcdatamodeld */ = {
			isa = XCVersionGroup;
			children = (
				949E84572ABDC9AB00EF07D9 /* M_Tools.xcdatamodel */,
			);
			currentVersion = 949E84572ABDC9AB00EF07D9 /* M_Tools.xcdatamodel */;
			path = M_Tools.xcdatamodeld;
			sourceTree = "<group>";
			versionGroupType = wrapper.xcdatamodel;
		};
/* End XCVersionGroup section */
	};
	rootObject = 949E84402ABDC9AB00EF07D9 /* Project object */;
}
